
Microsoft Visual Studio Solution File, Format Version 12.00
Project("{FAE04EC0-301F-11D3-BF4B-00C04F79EFBC}") = "UwpApplication1", "UwpApplication1.csproj", "{67426D05-04F5-417D-A015-1B35217DE191}"
EndProject
Global
	GlobalSection(SolutionConfigurationPlatforms) = preSolution
		Debug|ARM = Debug|ARM
		Debug|x64 = Debug|x64
		Debug|x86 = Debug|x86
		Release|ARM = Release|ARM
		Release|x64 = Release|x64
		Release|x86 = Release|x86
	EndGlobalSection
	GlobalSection(ProjectConfigurationPlatforms) = postSolution
		{67426D05-04F5-417D-A015-1B35217DE191}.Debug|ARM.ActiveCfg = Debug|ARM
		{67426D05-04F5-417D-A015-1B35217DE191}.Debug|ARM.Build.0 = Debug|ARM
		{67426D05-04F5-417D-A015-1B35217DE191}.Debug|ARM.Deploy.0 = Debug|ARM
		{67426D05-04F5-417D-A015-1B35217DE191}.Debug|x64.ActiveCfg = Debug|x64
		{67426D05-04F5-417D-A015-1B35217DE191}.Debug|x64.Build.0 = Debug|x64
		{67426D05-04F5-417D-A015-1B35217DE191}.Debug|x64.Deploy.0 = Debug|x64
		{67426D05-04F5-417D-A015-1B35217DE191}.Debug|x86.ActiveCfg = Debug|x86
		{67426D05-04F5-417D-A015-1B35217DE191}.Debug|x86.Build.0 = Debug|x86
		{67426D05-04F5-417D-A015-1B35217DE191}.Debug|x86.Deploy.0 = Debug|x86
		{67426D05-04F5-417D-A015-1B35217DE191}.Release|ARM.ActiveCfg = Release|ARM
		{67426D05-04F5-417D-A015-1B35217DE191}.Release|ARM.Build.0 = Release|ARM
		{67426D05-04F5-417D-A015-1B35217DE191}.Release|ARM.Deploy.0 = Release|ARM
		{67426D05-04F5-417D-A015-1B35217DE191}.Release|x64.ActiveCfg = Release|x64
		{67426D05-04F5-417D-A015-1B35217DE191}.Release|x64.Build.0 = Release|x64
		{67426D05-04F5-417D-A015-1B35217DE191}.Release|x64.Deploy.0 = Release|x64
		{67426D05-04F5-417D-A015-1B35217DE191}.Release|x86.ActiveCfg = Release|x86
		{67426D05-04F5-417D-A015-1B35217DE191}.Release|x86.Build.0 = Release|x86
		{67426D05-04F5-417D-A015-1B35217DE191}.Release|x86.Deploy.0 = Release|x86
	EndGlobalSection
EndGlobal
